
Microsoft Visual Studio Solution File, Format Version 12.00
# Visual Studio Version 17
VisualStudioVersion = 17.0.31903.59
MinimumVisualStudioVersion = 10.0.40219.1
Project("{FAE04EC0-301F-11D3-BF4B-00C04F79EFBC}") = "DatingApp.API", "DatingApp.API\DatingApp.API.csproj", "{01A0500E-5CFA-4BD5-B103-7A2DD3E7A686}"
EndProject
Global
	GlobalSection(SolutionConfigurationPlatforms) = preSolution
		Debug|Any CPU = Debug|Any CPU
		Release|Any CPU = Release|Any CPU
	EndGlobalSection
	GlobalSection(SolutionProperties) = preSolution
		HideSolutionNode = FALSE
	EndGlobalSection
	GlobalSection(ProjectConfigurationPlatforms) = postSolution
		{01A0500E-5CFA-4BD5-B103-7A2DD3E7A686}.Debug|Any CPU.ActiveCfg = Debug|Any CPU
		{01A0500E-5CFA-4BD5-B103-7A2DD3E7A686}.Debug|Any CPU.Build.0 = Debug|Any CPU
		{01A0500E-5CFA-4BD5-B103-7A2DD3E7A686}.Release|Any CPU.ActiveCfg = Release|Any CPU
		{01A0500E-5CFA-4BD5-B103-7A2DD3E7A686}.Release|Any CPU.Build.0 = Release|Any CPU
	EndGlobalSection
EndGlobal
